
Microsoft Visual Studio Solution File, Format Version 12.00
# Visual Studio Version 17
VisualStudioVersion = 17.3.32819.101
MinimumVisualStudioVersion = 10.0.40219.1
Project("{FAE04EC0-301F-11D3-BF4B-00C04F79EFBC}") = "4BEW", "4BEW.csproj", "{D2A1511D-AA0F-45C4-868E-817E3974E1BE}"
EndProject
Global
	GlobalSection(SolutionConfigurationPlatforms) = preSolution
		Debug|Any CPU = Debug|Any CPU
		Release|Any CPU = Release|Any CPU
	EndGlobalSection
	GlobalSection(ProjectConfigurationPlatforms) = postSolution
		{D2A1511D-AA0F-45C4-868E-817E3974E1BE}.Debug|Any CPU.ActiveCfg = Debug|Any CPU
		{D2A1511D-AA0F-45C4-868E-817E3974E1BE}.Debug|Any CPU.Build.0 = Debug|Any CPU
		{D2A1511D-AA0F-45C4-868E-817E3974E1BE}.Release|Any CPU.ActiveCfg = Release|Any CPU
		{D2A1511D-AA0F-45C4-868E-817E3974E1BE}.Release|Any CPU.Build.0 = Release|Any CPU
	EndGlobalSection
	GlobalSection(SolutionProperties) = preSolution
		HideSolutionNode = FALSE
	EndGlobalSection
	GlobalSection(ExtensibilityGlobals) = postSolution
		SolutionGuid = {25E201E8-1661-4E8D-AF7B-CF8F701AF0C8}
	EndGlobalSection
EndGlobal
